
Microsoft Visual Studio Solution File, Format Version 12.00
# Visual Studio Version 16
VisualStudioVersion = 16.0.29519.87
MinimumVisualStudioVersion = 10.0.40219.1
Project("{FAE04EC0-301F-11D3-BF4B-00C04F79EFBC}") = "Playing Card", "Playing Card\Playing Card.csproj", "{0F55F33D-DC3A-4284-B960-D46F024D0B72}"
EndProject
Global
	GlobalSection(SolutionConfigurationPlatforms) = preSolution
		Debug|Any CPU = Debug|Any CPU
		Release|Any CPU = Release|Any CPU
	EndGlobalSection
	GlobalSection(ProjectConfigurationPlatforms) = postSolution
		{0F55F33D-DC3A-4284-B960-D46F024D0B72}.Debug|Any CPU.ActiveCfg = Debug|Any CPU
		{0F55F33D-DC3A-4284-B960-D46F024D0B72}.Debug|Any CPU.Build.0 = Debug|Any CPU
		{0F55F33D-DC3A-4284-B960-D46F024D0B72}.Release|Any CPU.ActiveCfg = Release|Any CPU
		{0F55F33D-DC3A-4284-B960-D46F024D0B72}.Release|Any CPU.Build.0 = Release|Any CPU
	EndGlobalSection
	GlobalSection(SolutionProperties) = preSolution
		HideSolutionNode = FALSE
	EndGlobalSection
	GlobalSection(ExtensibilityGlobals) = postSolution
		SolutionGuid = {6C942B01-4218-49DF-A364-900BA34459EA}
	EndGlobalSection
EndGlobal
